
Microsoft Visual Studio Solution File, Format Version 12.00
# Visual Studio Version 17
VisualStudioVersion = 17.6.33712.159
MinimumVisualStudioVersion = 10.0.40219.1
Project("{FAE04EC0-301F-11D3-BF4B-00C04F79EFBC}") = "dzForms16.05.2023", "dzForms16.05.2023\dzForms16.05.2023.csproj", "{3FEECDC8-8F57-40A6-A6A0-D1E79598BA42}"
EndProject
Global
	GlobalSection(SolutionConfigurationPlatforms) = preSolution
		Debug|Any CPU = Debug|Any CPU
		Release|Any CPU = Release|Any CPU
	EndGlobalSection
	GlobalSection(ProjectConfigurationPlatforms) = postSolution
		{3FEECDC8-8F57-40A6-A6A0-D1E79598BA42}.Debug|Any CPU.ActiveCfg = Debug|Any CPU
		{3FEECDC8-8F57-40A6-A6A0-D1E79598BA42}.Debug|Any CPU.Build.0 = Debug|Any CPU
		{3FEECDC8-8F57-40A6-A6A0-D1E79598BA42}.Release|Any CPU.ActiveCfg = Release|Any CPU
		{3FEECDC8-8F57-40A6-A6A0-D1E79598BA42}.Release|Any CPU.Build.0 = Release|Any CPU
	EndGlobalSection
	GlobalSection(SolutionProperties) = preSolution
		HideSolutionNode = FALSE
	EndGlobalSection
	GlobalSection(ExtensibilityGlobals) = postSolution
		SolutionGuid = {73327B03-4E26-4790-9757-82DAE1BDB672}
	EndGlobalSection
EndGlobal
